// !$*UTF8*$!
{
	archiveVersion = 1;
	classes = {
	};
	objectVersion = 55;
	objects = {

/* Begin PBXBuildFile section */
		CF2D681E291DFB860085C355 /* AppDelegate.swift in Sources */ = {isa = PBXBuildFile; fileRef = CF2D681D291DFB860085C355 /* AppDelegate.swift */; };
		CF2D6820291DFB860085C355 /* SceneDelegate.swift in Sources */ = {isa = PBXBuildFile; fileRef = CF2D681F291DFB860085C355 /* SceneDelegate.swift */; };
		CF2D6822291DFB860085C355 /* ViewController.swift in Sources */ = {isa = PBXBuildFile; fileRef = CF2D6821291DFB860085C355 /* ViewController.swift */; };
		CF2D6825291DFB860085C355 /* Main.storyboard in Resources */ = {isa = PBXBuildFile; fileRef = CF2D6823291DFB860085C355 /* Main.storyboard */; };
		CF2D6827291DFB860085C355 /* Assets.xcassets in Resources */ = {isa = PBXBuildFile; fileRef = CF2D6826291DFB860085C355 /* Assets.xcassets */; };
		CF2D682A291DFB860085C355 /* LaunchScreen.storyboard in Resources */ = {isa = PBXBuildFile; fileRef = CF2D6828291DFB860085C355 /* LaunchScreen.storyboard */; };
		CF2D6835291DFFA30085C355 /* FirebaseAnalytics in Frameworks */ = {isa = PBXBuildFile; productRef = CF2D6834291DFFA30085C355 /* FirebaseAnalytics */; };
		CF2D6837291DFFA30085C355 /* FirebaseAuth in Frameworks */ = {isa = PBXBuildFile; productRef = CF2D6836291DFFA30085C355 /* FirebaseAuth */; };
		CF2D6839291DFFA30085C355 /* FirebaseCrashlytics in Frameworks */ = {isa = PBXBuildFile; productRef = CF2D6838291DFFA30085C355 /* FirebaseCrashlytics */; };
		CF2D683B291DFFA30085C355 /* FirebaseDatabase in Frameworks */ = {isa = PBXBuildFile; productRef = CF2D683A291DFFA30085C355 /* FirebaseDatabase */; };
		CF2D683D291DFFA30085C355 /* FirebaseStorage in Frameworks */ = {isa = PBXBuildFile; productRef = CF2D683C291DFFA30085C355 /* FirebaseStorage */; };
		CF2D6842291E048C0085C355 /* FirebaseFirestoreSwift in Frameworks */ = {isa = PBXBuildFile; productRef = CF2D6841291E048C0085C355 /* FirebaseFirestoreSwift */; };
		CF2D6846291E06050085C355 /* GoogleService-Info.plist in Resources */ = {isa = PBXBuildFile; fileRef = CF2D6845291E06050085C355 /* GoogleService-Info.plist */; };
		CF2D684A291E2DB10085C355 /* MyViewController.swift in Sources */ = {isa = PBXBuildFile; fileRef = CF2D6849291E2DB10085C355 /* MyViewController.swift */; };
/* End PBXBuildFile section */

/* Begin PBXFileReference section */
		CF2D681A291DFB860085C355 /* firebasePractice(UIKit).app */ = {isa = PBXFileReference; explicitFileType = wrapper.application; includeInIndex = 0; path = "firebasePractice(UIKit).app"; sourceTree = BUILT_PRODUCTS_DIR; };
		CF2D681D291DFB860085C355 /* AppDelegate.swift */ = {isa = PBXFileReference; lastKnownFileType = sourcecode.swift; path = AppDelegate.swift; sourceTree = "<group>"; };
		CF2D681F291DFB860085C355 /* SceneDelegate.swift */ = {isa = PBXFileReference; lastKnownFileType = sourcecode.swift; path = SceneDelegate.swift; sourceTree = "<group>"; };
		CF2D6821291DFB860085C355 /* ViewController.swift */ = {isa = PBXFileReference; lastKnownFileType = sourcecode.swift; path = ViewController.swift; sourceTree = "<group>"; };
		CF2D6824291DFB860085C355 /* Base */ = {isa = PBXFileReference; lastKnownFileType = file.storyboard; name = Base; path = Base.lproj/Main.storyboard; sourceTree = "<group>"; };
		CF2D6826291DFB860085C355 /* Assets.xcassets */ = {isa = PBXFileReference; lastKnownFileType = folder.assetcatalog; path = Assets.xcassets; sourceTree = "<group>"; };
		CF2D6829291DFB860085C355 /* Base */ = {isa = PBXFileReference; lastKnownFileType = file.storyboard; name = Base; path = Base.lproj/LaunchScreen.storyboard; sourceTree = "<group>"; };
		CF2D682B291DFB860085C355 /* Info.plist */ = {isa = PBXFileReference; lastKnownFileType = text.plist.xml; path = Info.plist; sourceTree = "<group>"; };
		CF2D6845291E06050085C355 /* GoogleService-Info.plist */ = {isa = PBXFileReference; fileEncoding = 4; lastKnownFileType = text.plist.xml; path = "GoogleService-Info.plist"; sourceTree = "<group>"; };
		CF2D6849291E2DB10085C355 /* MyViewController.swift */ = {isa = PBXFileReference; lastKnownFileType = sourcecode.swift; path = MyViewController.swift; sourceTree = "<group>"; };
/* End PBXFileReference section */

/* Begin PBXFrameworksBuildPhase section */
		CF2D6817291DFB860085C355 /* Frameworks */ = {
			isa = PBXFrameworksBuildPhase;
			buildActionMask = 2147483647;
			files = (
				CF2D6839291DFFA30085C355 /* FirebaseCrashlytics in Frameworks */,
				CF2D6835291DFFA30085C355 /* FirebaseAnalytics in Frameworks */,
				CF2D683B291DFFA30085C355 /* FirebaseDatabase in Frameworks */,
				CF2D683D291DFFA30085C355 /* FirebaseStorage in Frameworks */,
				CF2D6837291DFFA30085C355 /* FirebaseAuth in Frameworks */,
				CF2D6842291E048C0085C355 /* FirebaseFirestoreSwift in Frameworks */,
			);
			runOnlyForDeploymentPostprocessing = 0;
		};
/* End PBXFrameworksBuildPhase section */

/* Begin PBXGroup section */
		CF2D6811291DFB860085C355 = {
			isa = PBXGroup;
			children = (
				CF2D681C291DFB860085C355 /* firebasePractice(UIKit) */,
				CF2D681B291DFB860085C355 /* Products */,
			);
			sourceTree = "<group>";
		};
		CF2D681B291DFB860085C355 /* Products */ = {
			isa = PBXGroup;
			children = (
				CF2D681A291DFB860085C355 /* firebasePractice(UIKit).app */,
			);
			name = Products;
			sourceTree = "<group>";
		};
		CF2D681C291DFB860085C355 /* firebasePractice(UIKit) */ = {
			isa = PBXGroup;
			children = (
				CF2D681D291DFB860085C355 /* AppDelegate.swift */,
				CF2D681F291DFB860085C355 /* SceneDelegate.swift */,
				CF2D6821291DFB860085C355 /* ViewController.swift */,
				CF2D6849291E2DB10085C355 /* MyViewController.swift */,
				CF2D6823291DFB860085C355 /* Main.storyboard */,
				CF2D6826291DFB860085C355 /* Assets.xcassets */,
				CF2D6828291DFB860085C355 /* LaunchScreen.storyboard */,
				CF2D682B291DFB860085C355 /* Info.plist */,
				CF2D6845291E06050085C355 /* GoogleService-Info.plist */,
			);
			path = "firebasePractice(UIKit)";
			sourceTree = "<group>";
		};
/* End PBXGroup section */

/* Begin PBXNativeTarget section */
		CF2D6819291DFB860085C355 /* firebasePractice(UIKit) */ = {
			isa = PBXNativeTarget;
			buildConfigurationList = CF2D682E291DFB860085C355 /* Build configuration list for PBXNativeTarget "firebasePractice(UIKit)" */;
			buildPhases = (
				CF2D6816291DFB860085C355 /* Sources */,
				CF2D6817291DFB860085C355 /* Frameworks */,
				CF2D6818291DFB860085C355 /* Resources */,
			);
			buildRules = (
			);
			dependencies = (
			);
			name = "firebasePractice(UIKit)";
			packageProductDependencies = (
				CF2D6834291DFFA30085C355 /* FirebaseAnalytics */,
				CF2D6836291DFFA30085C355 /* FirebaseAuth */,
				CF2D6838291DFFA30085C355 /* FirebaseCrashlytics */,
				CF2D683A291DFFA30085C355 /* FirebaseDatabase */,
				CF2D683C291DFFA30085C355 /* FirebaseStorage */,
				CF2D6841291E048C0085C355 /* FirebaseFirestoreSwift */,
			);
			productName = "firebasePractice(UIKit)";
			productReference = CF2D681A291DFB860085C355 /* firebasePractice(UIKit).app */;
			productType = "com.apple.product-type.application";
		};
/* End PBXNativeTarget section */

/* Begin PBXProject section */
		CF2D6812291DFB860085C355 /* Project object */ = {
			isa = PBXProject;
			attributes = {
				BuildIndependentTargetsInParallel = 1;
				LastSwiftUpdateCheck = 1340;
				LastUpgradeCheck = 1340;
				TargetAttributes = {
					CF2D6819291DFB860085C355 = {
						CreatedOnToolsVersion = 13.4.1;
					};
				};
			};
			buildConfigurationList = CF2D6815291DFB860085C355 /* Build configuration list for PBXProject "firebasePractice(UIKit)" */;
			compatibilityVersion = "Xcode 13.0";
			developmentRegion = en;
			hasScannedForEncodings = 0;
			knownRegions = (
				en,
				Base,
			);
			mainGroup = CF2D6811291DFB860085C355;
			packageReferences = (
				CF2D6833291DFFA30085C355 /* XCRemoteSwiftPackageReference "firebase-ios-sdk" */,
				CF2D6840291E048C0085C355 /* XCRemoteSwiftPackageReference "firebase-ios-sdk" */,
			);
			productRefGroup = CF2D681B291DFB860085C355 /* Products */;
			projectDirPath = "";
			projectRoot = "";
			targets = (
				CF2D6819291DFB860085C355 /* firebasePractice(UIKit) */,
			);
		};
/* End PBXProject section */

/* Begin PBXResourcesBuildPhase section */
		CF2D6818291DFB860085C355 /* Resources */ = {
			isa = PBXResourcesBuildPhase;
			buildActionMask = 2147483647;
			files = (
				CF2D682A291DFB860085C355 /* LaunchScreen.storyboard in Resources */,
				CF2D6846291E06050085C355 /* GoogleService-Info.plist in Resources */,
				CF2D6827291DFB860085C355 /* Assets.xcassets in Resources */,
				CF2D6825291DFB860085C355 /* Main.storyboard in Resources */,
			);
			runOnlyForDeploymentPostprocessing = 0;
		};
/* End PBXResourcesBuildPhase section */

/* Begin PBXSourcesBuildPhase section */
		CF2D6816291DFB860085C355 /* Sources */ = {
			isa = PBXSourcesBuildPhase;
			buildActionMask = 2147483647;
			files = (
				CF2D6822291DFB860085C355 /* ViewController.swift in Sources */,
				CF2D681E291DFB860085C355 /* AppDelegate.swift in Sources */,
				CF2D684A291E2DB10085C355 /* MyViewController.swift in Sources */,
				CF2D6820291DFB860085C355 /* SceneDelegate.swift in Sources */,
			);
			runOnlyForDeploymentPostprocessing = 0;
		};
/* End PBXSourcesBuildPhase section */

/* Begin PBXVariantGroup section */
		CF2D6823291DFB860085C355 /* Main.storyboard */ = {
			isa = PBXVariantGroup;
			children = (
				CF2D6824291DFB860085C355 /* Base */,
			);
			name = Main.storyboard;
			sourceTree = "<group>";
		};
		CF2D6828291DFB860085C355 /* LaunchScreen.storyboard */ = {
			isa = PBXVariantGroup;
			children = (
				CF2D6829291DFB860085C355 /* Base */,
			);
			name = LaunchScreen.storyboard;
			sourceTree = "<group>";
		};
/* End PBXVariantGroup section */

/* Begin XCBuildConfiguration section */
		CF2D682C291DFB860085C355 /* Debug */ = {
			isa = XCBuildConfiguration;
			buildSettings = {
				ALWAYS_SEARCH_USER_PATHS = NO;
				CLANG_ANALYZER_NONNULL = YES;
				CLANG_ANALYZER_NUMBER_OBJECT_CONVERSION = YES_AGGRESSIVE;
				CLANG_CXX_LANGUAGE_STANDARD = "gnu++17";
				CLANG_ENABLE_MODULES = YES;
				CLANG_ENABLE_OBJC_ARC = YES;
				CLANG_ENABLE_OBJC_WEAK = YES;
				CLANG_WARN_BLOCK_CAPTURE_AUTORELEASING = YES;
				CLANG_WARN_BOOL_CONVERSION = YES;
				CLANG_WARN_COMMA = YES;
				CLANG_WARN_CONSTANT_CONVERSION = YES;
				CLANG_WARN_DEPRECATED_OBJC_IMPLEMENTATIONS = YES;
				CLANG_WARN_DIRECT_OBJC_ISA_USAGE = YES_ERROR;
				CLANG_WARN_DOCUMENTATION_COMMENTS = YES;
				CLANG_WARN_EMPTY_BODY = YES;
				CLANG_WARN_ENUM_CONVERSION = YES;
				CLANG_WARN_INFINITE_RECURSION = YES;
				CLANG_WARN_INT_CONVERSION = YES;
				CLANG_WARN_NON_LITERAL_NULL_CONVERSION = YES;
				CLANG_WARN_OBJC_IMPLICIT_RETAIN_SELF = YES;
				CLANG_WARN_OBJC_LITERAL_CONVERSION = YES;
				CLANG_WARN_OBJC_ROOT_CLASS = YES_ERROR;
				CLANG_WARN_QUOTED_INCLUDE_IN_FRAMEWORK_HEADER = YES;
				CLANG_WARN_RANGE_LOOP_ANALYSIS = YES;
				CLANG_WARN_STRICT_PROTOTYPES = YES;
				CLANG_WARN_SUSPICIOUS_MOVE = YES;
				CLANG_WARN_UNGUARDED_AVAILABILITY = YES_AGGRESSIVE;
				CLANG_WARN_UNREACHABLE_CODE = YES;
				CLANG_WARN__DUPLICATE_METHOD_MATCH = YES;
				COPY_PHASE_STRIP = NO;
				DEBUG_INFORMATION_FORMAT = dwarf;
				ENABLE_STRICT_OBJC_MSGSEND = YES;
				ENABLE_TESTABILITY = YES;
				GCC_C_LANGUAGE_STANDARD = gnu11;
				GCC_DYNAMIC_NO_PIC = NO;
				GCC_NO_COMMON_BLOCKS = YES;
				GCC_OPTIMIZATION_LEVEL = 0;
				GCC_PREPROCESSOR_DEFINITIONS = (
					"DEBUG=1",
					"$(inherited)",
				);
				GCC_WARN_64_TO_32_BIT_CONVERSION = YES;
				GCC_WARN_ABOUT_RETURN_TYPE = YES_ERROR;
				GCC_WARN_UNDECLARED_SELECTOR = YES;
				GCC_WARN_UNINITIALIZED_AUTOS = YES_AGGRESSIVE;
				GCC_WARN_UNUSED_FUNCTION = YES;
				GCC_WARN_UNUSED_VARIABLE = YES;
				IPHONEOS_DEPLOYMENT_TARGET = 15.5;
				MTL_ENABLE_DEBUG_INFO = INCLUDE_SOURCE;
				MTL_FAST_MATH = YES;
				ONLY_ACTIVE_ARCH = YES;
				SDKROOT = iphoneos;
				SWIFT_ACTIVE_COMPILATION_CONDITIONS = DEBUG;
				SWIFT_OPTIMIZATION_LEVEL = "-Onone";
			};
			name = Debug;
		};
		CF2D682D291DFB860085C355 /* Release */ = {
			isa = XCBuildConfiguration;
			buildSettings = {
				ALWAYS_SEARCH_USER_PATHS = NO;
				CLANG_ANALYZER_NONNULL = YES;
				CLANG_ANALYZER_NUMBER_OBJECT_CONVERSION = YES_AGGRESSIVE;
				CLANG_CXX_LANGUAGE_STANDARD = "gnu++17";
				CLANG_ENABLE_MODULES = YES;
				CLANG_ENABLE_OBJC_ARC = YES;
				CLANG_ENABLE_OBJC_WEAK = YES;
				CLANG_WARN_BLOCK_CAPTURE_AUTORELEASING = YES;
				CLANG_WARN_BOOL_CONVERSION = YES;
				CLANG_WARN_COMMA = YES;
				CLANG_WARN_CONSTANT_CONVERSION = YES;
				CLANG_WARN_DEPRECATED_OBJC_IMPLEMENTATIONS = YES;
				CLANG_WARN_DIRECT_OBJC_ISA_USAGE = YES_ERROR;
				CLANG_WARN_DOCUMENTATION_COMMENTS = YES;
				CLANG_WARN_EMPTY_BODY = YES;
				CLANG_WARN_ENUM_CONVERSION = YES;
				CLANG_WARN_INFINITE_RECURSION = YES;
				CLANG_WARN_INT_CONVERSION = YES;
				CLANG_WARN_NON_LITERAL_NULL_CONVERSION = YES;
				CLANG_WARN_OBJC_IMPLICIT_RETAIN_SELF = YES;
				CLANG_WARN_OBJC_LITERAL_CONVERSION = YES;
				CLANG_WARN_OBJC_ROOT_CLASS = YES_ERROR;
				CLANG_WARN_QUOTED_INCLUDE_IN_FRAMEWORK_HEADER = YES;
				CLANG_WARN_RANGE_LOOP_ANALYSIS = YES;
				CLANG_WARN_STRICT_PROTOTYPES = YES;
				CLANG_WARN_SUSPICIOUS_MOVE = YES;
				CLANG_WARN_UNGUARDED_AVAILABILITY = YES_AGGRESSIVE;
				CLANG_WARN_UNREACHABLE_CODE = YES;
				CLANG_WARN__DUPLICATE_METHOD_MATCH = YES;
				COPY_PHASE_STRIP = NO;
				DEBUG_INFORMATION_FORMAT = "dwarf-with-dsym";
				ENABLE_NS_ASSERTIONS = NO;
				ENABLE_STRICT_OBJC_MSGSEND = YES;
				GCC_C_LANGUAGE_STANDARD = gnu11;
				GCC_NO_COMMON_BLOCKS = YES;
				GCC_WARN_64_TO_32_BIT_CONVERSION = YES;
				GCC_WARN_ABOUT_RETURN_TYPE = YES_ERROR;
				GCC_WARN_UNDECLARED_SELECTOR = YES;
				GCC_WARN_UNINITIALIZED_AUTOS = YES_AGGRESSIVE;
				GCC_WARN_UNUSED_FUNCTION = YES;
				GCC_WARN_UNUSED_VARIABLE = YES;
				IPHONEOS_DEPLOYMENT_TARGET = 15.5;
				MTL_ENABLE_DEBUG_INFO = NO;
				MTL_FAST_MATH = YES;
				SDKROOT = iphoneos;
				SWIFT_COMPILATION_MODE = wholemodule;
				SWIFT_OPTIMIZATION_LEVEL = "-O";
				VALIDATE_PRODUCT = YES;
			};
			name = Release;
		};
		CF2D682F291DFB860085C355 /* Debug */ = {
			isa = XCBuildConfiguration;
			buildSettings = {
				ASSETCATALOG_COMPILER_APPICON_NAME = AppIcon;
				ASSETCATALOG_COMPILER_GLOBAL_ACCENT_COLOR_NAME = AccentColor;
				CODE_SIGN_STYLE = Automatic;
				CURRENT_PROJECT_VERSION = 1;
				DEVELOPMENT_TEAM = T2T367NW35;
				GENERATE_INFOPLIST_FILE = YES;
				INFOPLIST_FILE = "firebasePractice(UIKit)/Info.plist";
				INFOPLIST_KEY_UIApplicationSupportsIndirectInputEvents = YES;
				INFOPLIST_KEY_UILaunchStoryboardName = LaunchScreen;
				INFOPLIST_KEY_UIMainStoryboardFile = Main;
				INFOPLIST_KEY_UISupportedInterfaceOrientations_iPad = "UIInterfaceOrientationPortrait UIInterfaceOrientationPortraitUpsideDown UIInterfaceOrientationLandscapeLeft UIInterfaceOrientationLandscapeRight";
				INFOPLIST_KEY_UISupportedInterfaceOrientations_iPhone = "UIInterfaceOrientationPortrait UIInterfaceOrientationLandscapeLeft UIInterfaceOrientationLandscapeRight";
				IPHONEOS_DEPLOYMENT_TARGET = 15.3;
				LD_RUNPATH_SEARCH_PATHS = (
					"$(inherited)",
					"@executable_path/Frameworks",
				);
				MARKETING_VERSION = 1.0;
				PRODUCT_BUNDLE_IDENTIFIER = "com.stopshien.firebasePractice-UIKit-";
				PRODUCT_NAME = "$(TARGET_NAME)";
				SWIFT_EMIT_LOC_STRINGS = YES;
				SWIFT_VERSION = 5.0;
				TARGETED_DEVICE_FAMILY = "1,2";
			};
			name = Debug;
		};
		CF2D6830291DFB860085C355 /* Release */ = {
			isa = XCBuildConfiguration;
			buildSettings = {
				ASSETCATALOG_COMPILER_APPICON_NAME = AppIcon;
				ASSETCATALOG_COMPILER_GLOBAL_ACCENT_COLOR_NAME = AccentColor;
				CODE_SIGN_STYLE = Automatic;
				CURRENT_PROJECT_VERSION = 1;
				DEVELOPMENT_TEAM = T2T367NW35;
				GENERATE_INFOPLIST_FILE = YES;
				INFOPLIST_FILE = "firebasePractice(UIKit)/Info.plist";
				INFOPLIST_KEY_UIApplicationSupportsIndirectInputEvents = YES;
				INFOPLIST_KEY_UILaunchStoryboardName = LaunchScreen;
				INFOPLIST_KEY_UIMainStoryboardFile = Main;
				INFOPLIST_KEY_UISupportedInterfaceOrientations_iPad = "UIInterfaceOrientationPortrait UIInterfaceOrientationPortraitUpsideDown UIInterfaceOrientationLandscapeLeft UIInterfaceOrientationLandscapeRight";
				INFOPLIST_KEY_UISupportedInterfaceOrientations_iPhone = "UIInterfaceOrientationPortrait UIInterfaceOrientationLandscapeLeft UIInterfaceOrientationLandscapeRight";
				IPHONEOS_DEPLOYMENT_TARGET = 15.3;
				LD_RUNPATH_SEARCH_PATHS = (
					"$(inherited)",
					"@executable_path/Frameworks",
				);
				MARKETING_VERSION = 1.0;
				PRODUCT_BUNDLE_IDENTIFIER = "com.stopshien.firebasePractice-UIKit-";
				PRODUCT_NAME = "$(TARGET_NAME)";
				SWIFT_EMIT_LOC_STRINGS = YES;
				SWIFT_VERSION = 5.0;
				TARGETED_DEVICE_FAMILY = "1,2";
			};
			name = Release;
		};
/* End XCBuildConfiguration section */

/* Begin XCConfigurationList section */
		CF2D6815291DFB860085C355 /* Build configuration list for PBXProject "firebasePractice(UIKit)" */ = {
			isa = XCConfigurationList;
			buildConfigurations = (
				CF2D682C291DFB860085C355 /* Debug */,
				CF2D682D291DFB860085C355 /* Release */,
			);
			defaultConfigurationIsVisible = 0;
			defaultConfigurationName = Release;
		};
		CF2D682E291DFB860085C355 /* Build configuration list for PBXNativeTarget "firebasePractice(UIKit)" */ = {
			isa = XCConfigurationList;
			buildConfigurations = (
				CF2D682F291DFB860085C355 /* Debug */,
				CF2D6830291DFB860085C355 /* Release */,
			);
			defaultConfigurationIsVisible = 0;
			defaultConfigurationName = Release;
		};
/* End XCConfigurationList section */

/* Begin XCRemoteSwiftPackageReference section */
		CF2D6833291DFFA30085C355 /* XCRemoteSwiftPackageReference "firebase-ios-sdk" */ = {
			isa = XCRemoteSwiftPackageReference;
			repositoryURL = "https://github.com/firebase/firebase-ios-sdk";
			requirement = {
				branch = master;
				kind = branch;
			};
		};
		CF2D6840291E048C0085C355 /* XCRemoteSwiftPackageReference "firebase-ios-sdk" */ = {
			isa = XCRemoteSwiftPackageReference;
			repositoryURL = "https://github.com/firebase/firebase-ios-sdk";
			requirement = {
				branch = master;
				kind = branch;
			};
		};
/* End XCRemoteSwiftPackageReference section */

/* Begin XCSwiftPackageProductDependency section */
		CF2D6834291DFFA30085C355 /* FirebaseAnalytics */ = {
			isa = XCSwiftPackageProductDependency;
			package = CF2D6833291DFFA30085C355 /* XCRemoteSwiftPackageReference "firebase-ios-sdk" */;
			productName = FirebaseAnalytics;
		};
		CF2D6836291DFFA30085C355 /* FirebaseAuth */ = {
			isa = XCSwiftPackageProductDependency;
			package = CF2D6833291DFFA30085C355 /* XCRemoteSwiftPackageReference "firebase-ios-sdk" */;
			productName = FirebaseAuth;
		};
		CF2D6838291DFFA30085C355 /* FirebaseCrashlytics */ = {
			isa = XCSwiftPackageProductDependency;
			package = CF2D6833291DFFA30085C355 /* XCRemoteSwiftPackageReference "firebase-ios-sdk" */;
			productName = FirebaseCrashlytics;
		};
		CF2D683A291DFFA30085C355 /* FirebaseDatabase */ = {
			isa = XCSwiftPackageProductDependency;
			package = CF2D6833291DFFA30085C355 /* XCRemoteSwiftPackageReference "firebase-ios-sdk" */;
			productName = FirebaseDatabase;
		};
		CF2D683C291DFFA30085C355 /* FirebaseStorage */ = {
			isa = XCSwiftPackageProductDependency;
			package = CF2D6833291DFFA30085C355 /* XCRemoteSwiftPackageReference "firebase-ios-sdk" */;
			productName = FirebaseStorage;
		};
		CF2D6841291E048C0085C355 /* FirebaseFirestoreSwift */ = {
			isa = XCSwiftPackageProductDependency;
			package = CF2D6833291DFFA30085C355 /* XCRemoteSwiftPackageReference "firebase-ios-sdk" */;
			productName = FirebaseFirestoreSwift;
		};
/* End XCSwiftPackageProductDependency section */
	};
	rootObject = CF2D6812291DFB860085C355 /* Project object */;
}
